
Microsoft Visual Studio Solution File, Format Version 12.00
# Visual Studio 2013
VisualStudioVersion = 12.0.31101.0
MinimumVisualStudioVersion = 10.0.40219.1
Project("{FAE04EC0-301F-11D3-BF4B-00C04F79EFBC}") = "Citizens", "Citizens\Citizens.csproj", "{513ED9D0-D81C-4E51-AA51-2E88B08C729C}"
EndProject
Project("{FAE04EC0-301F-11D3-BF4B-00C04F79EFBC}") = "Client", "Client\Client.csproj", "{CED36679-B0FA-445C-B551-52329CF7FAD6}"
EndProject
Global
	GlobalSection(TeamFoundationVersionControl) = preSolution
		SccNumberOfProjects = 2
		SccEnterpriseProvider = {4CA58AB2-18FA-4F8D-95D4-32DDF27D184C}
		SccTeamFoundationServer = https://vitality2007.visualstudio.com/defaultcollection
		SccProjectUniqueName0 = Citizens\\Citizens.csproj
		SccProjectName0 = Citizens
		SccAuxPath0 = https://vitality2007.visualstudio.com/defaultcollection
		SccLocalPath0 = Citizens
		SccProvider0 = {4CA58AB2-18FA-4F8D-95D4-32DDF27D184C}
		SccProjectUniqueName1 = Client\\Client.csproj
		SccProjectName1 = Client
		SccAuxPath1 = https://vitality2007.visualstudio.com/defaultcollection
		SccLocalPath1 = Client
		SccProvider1 = {4CA58AB2-18FA-4F8D-95D4-32DDF27D184C}
	EndGlobalSection
	GlobalSection(SolutionConfigurationPlatforms) = preSolution
		Debug|Any CPU = Debug|Any CPU
		Release|Any CPU = Release|Any CPU
	EndGlobalSection
	GlobalSection(ProjectConfigurationPlatforms) = postSolution
		{513ED9D0-D81C-4E51-AA51-2E88B08C729C}.Debug|Any CPU.ActiveCfg = Debug|Any CPU
		{513ED9D0-D81C-4E51-AA51-2E88B08C729C}.Debug|Any CPU.Build.0 = Debug|Any CPU
		{513ED9D0-D81C-4E51-AA51-2E88B08C729C}.Release|Any CPU.ActiveCfg = Release|Any CPU
		{513ED9D0-D81C-4E51-AA51-2E88B08C729C}.Release|Any CPU.Build.0 = Release|Any CPU
		{CED36679-B0FA-445C-B551-52329CF7FAD6}.Debug|Any CPU.ActiveCfg = Debug|Any CPU
		{CED36679-B0FA-445C-B551-52329CF7FAD6}.Debug|Any CPU.Build.0 = Debug|Any CPU
		{CED36679-B0FA-445C-B551-52329CF7FAD6}.Release|Any CPU.ActiveCfg = Release|Any CPU
		{CED36679-B0FA-445C-B551-52329CF7FAD6}.Release|Any CPU.Build.0 = Release|Any CPU
	EndGlobalSection
	GlobalSection(SolutionProperties) = preSolution
		HideSolutionNode = FALSE
	EndGlobalSection
	GlobalSection(Performance) = preSolution
		HasPerformanceSessions = true
	EndGlobalSection
EndGlobal
